
Microsoft Visual Studio Solution File, Format Version 12.00
# Visual Studio Version 16
VisualStudioVersion = 16.0.30204.135
MinimumVisualStudioVersion = 10.0.40219.1
Project("{FAE04EC0-301F-11D3-BF4B-00C04F79EFBC}") = "KyLogger", "KyLogger\KyLogger.csproj", "{8D51633C-197E-48A6-8451-C7E160B4FFF5}"
EndProject
Global
	GlobalSection(SolutionConfigurationPlatforms) = preSolution
		Debug|Any CPU = Debug|Any CPU
		Release|Any CPU = Release|Any CPU
	EndGlobalSection
	GlobalSection(ProjectConfigurationPlatforms) = postSolution
		{8D51633C-197E-48A6-8451-C7E160B4FFF5}.Debug|Any CPU.ActiveCfg = Debug|Any CPU
		{8D51633C-197E-48A6-8451-C7E160B4FFF5}.Debug|Any CPU.Build.0 = Debug|Any CPU
		{8D51633C-197E-48A6-8451-C7E160B4FFF5}.Release|Any CPU.ActiveCfg = Release|Any CPU
		{8D51633C-197E-48A6-8451-C7E160B4FFF5}.Release|Any CPU.Build.0 = Release|Any CPU
	EndGlobalSection
	GlobalSection(SolutionProperties) = preSolution
		HideSolutionNode = FALSE
	EndGlobalSection
	GlobalSection(ExtensibilityGlobals) = postSolution
		SolutionGuid = {A6BEEF55-7924-47A8-885E-7190BBF5B307}
	EndGlobalSection
EndGlobal
